
Microsoft Visual Studio Solution File, Format Version 12.00
# Visual Studio 15
VisualStudioVersion = 15.0.28307.489
MinimumVisualStudioVersion = 10.0.40219.1
Project("{FAE04EC0-301F-11D3-BF4B-00C04F79EFBC}") = "harmanFireGame", "harmanFireGame\harmanFireGame.csproj", "{46AF0C66-4734-4051-B1F0-44B94A6D4094}"
EndProject
Project("{FAE04EC0-301F-11D3-BF4B-00C04F79EFBC}") = "harmanFireGameTests", "harmanFireGameTests\harmanFireGameTests.csproj", "{51C4D102-203F-418C-A49F-95C93337A523}"
EndProject
Global
	GlobalSection(SolutionConfigurationPlatforms) = preSolution
		Debug|Any CPU = Debug|Any CPU
		Release|Any CPU = Release|Any CPU
	EndGlobalSection
	GlobalSection(ProjectConfigurationPlatforms) = postSolution
		{46AF0C66-4734-4051-B1F0-44B94A6D4094}.Debug|Any CPU.ActiveCfg = Debug|Any CPU
		{46AF0C66-4734-4051-B1F0-44B94A6D4094}.Debug|Any CPU.Build.0 = Debug|Any CPU
		{46AF0C66-4734-4051-B1F0-44B94A6D4094}.Release|Any CPU.ActiveCfg = Release|Any CPU
		{46AF0C66-4734-4051-B1F0-44B94A6D4094}.Release|Any CPU.Build.0 = Release|Any CPU
		{51C4D102-203F-418C-A49F-95C93337A523}.Debug|Any CPU.ActiveCfg = Debug|Any CPU
		{51C4D102-203F-418C-A49F-95C93337A523}.Debug|Any CPU.Build.0 = Debug|Any CPU
		{51C4D102-203F-418C-A49F-95C93337A523}.Release|Any CPU.ActiveCfg = Release|Any CPU
		{51C4D102-203F-418C-A49F-95C93337A523}.Release|Any CPU.Build.0 = Release|Any CPU
	EndGlobalSection
	GlobalSection(SolutionProperties) = preSolution
		HideSolutionNode = FALSE
	EndGlobalSection
	GlobalSection(ExtensibilityGlobals) = postSolution
		SolutionGuid = {9CFA7B58-2BF0-4FD8-9499-200C89819550}
	EndGlobalSection
EndGlobal
